PODS:
  - ReachabilitySwift (4.3.0)

DEPENDENCIES:
  - ReachabilitySwift

SPEC REPOS:
  https://github.com/cocoapods/specs.git:
    - ReachabilitySwift

SPEC CHECKSUMS:
  ReachabilitySwift: 408477d1b6ed9779dba301953171e017c31241f3

PODFILE CHECKSUM: e65508ff70931645565dfac4a231f00a81f1257f

COCOAPODS: 1.5.2
